
Microsoft Visual Studio Solution File, Format Version 12.00
# Visual Studio Version 17
VisualStudioVersion = 17.10.34928.147
MinimumVisualStudioVersion = 10.0.40219.1
Project("{FAE04EC0-301F-11D3-BF4B-00C04F79EFBC}") = "Kasino", "Kasino.csproj", "{6757DF09-817E-47BE-AAEB-4C1C0937F6A3}"
EndProject
Global
	GlobalSection(SolutionConfigurationPlatforms) = preSolution
		Debug|Any CPU = Debug|Any CPU
		Release|Any CPU = Release|Any CPU
	EndGlobalSection
	GlobalSection(ProjectConfigurationPlatforms) = postSolution
		{6757DF09-817E-47BE-AAEB-4C1C0937F6A3}.Debug|Any CPU.ActiveCfg = Debug|Any CPU
		{6757DF09-817E-47BE-AAEB-4C1C0937F6A3}.Debug|Any CPU.Build.0 = Debug|Any CPU
		{6757DF09-817E-47BE-AAEB-4C1C0937F6A3}.Release|Any CPU.ActiveCfg = Release|Any CPU
		{6757DF09-817E-47BE-AAEB-4C1C0937F6A3}.Release|Any CPU.Build.0 = Release|Any CPU
	EndGlobalSection
	GlobalSection(SolutionProperties) = preSolution
		HideSolutionNode = FALSE
	EndGlobalSection
	GlobalSection(ExtensibilityGlobals) = postSolution
		SolutionGuid = {C2DA4D5B-ECC5-40E2-8CB6-6A7258E89FA7}
	EndGlobalSection
EndGlobal
